
Microsoft Visual Studio Solution File, Format Version 12.00
# Visual Studio Version 16
VisualStudioVersion = 16.0.31424.327
MinimumVisualStudioVersion = 10.0.40219.1
Project("{FAE04EC0-301F-11D3-BF4B-00C04F79EFBC}") = "SMVC", "SMVC\SMVC.csproj", "{C6CACBF0-B088-4B42-9447-0016028D80C7}"
EndProject
Global
	GlobalSection(SolutionConfigurationPlatforms) = preSolution
		Debug|Any CPU = Debug|Any CPU
		Release|Any CPU = Release|Any CPU
	EndGlobalSection
	GlobalSection(ProjectConfigurationPlatforms) = postSolution
		{C6CACBF0-B088-4B42-9447-0016028D80C7}.Debug|Any CPU.ActiveCfg = Debug|Any CPU
		{C6CACBF0-B088-4B42-9447-0016028D80C7}.Debug|Any CPU.Build.0 = Debug|Any CPU
		{C6CACBF0-B088-4B42-9447-0016028D80C7}.Release|Any CPU.ActiveCfg = Release|Any CPU
		{C6CACBF0-B088-4B42-9447-0016028D80C7}.Release|Any CPU.Build.0 = Release|Any CPU
	EndGlobalSection
	GlobalSection(SolutionProperties) = preSolution
		HideSolutionNode = FALSE
	EndGlobalSection
	GlobalSection(ExtensibilityGlobals) = postSolution
		SolutionGuid = {1C35A8E8-55B0-4B26-9F69-EE49C1C6480C}
	EndGlobalSection
EndGlobal
